{
  "name": "action-playwright",
  "version": "0.4.4",
  "lockfileVersion": 2,
  "requires": true,
  "packages": {
    "": {
      "name": "action-playwright",
      "version": "0.4.4",
      "license": "BSD-3-Clause",
      "dependencies": {
        "@recordreplay/recordings-cli": "^0.11.0"
      }
    },
    "node_modules/@recordreplay/recordings-cli": {
      "version": "0.11.0",
      "resolved": "https://registry.npmjs.org/@recordreplay/recordings-cli/-/recordings-cli-0.11.0.tgz",
      "integrity": "sha512-VvJzY+OuzkhgFhzA4SPtZwwflLSlRU5G9OFuI1tz08ONasiv6d8u3vKwpd2a8++MTKVLz0hC+VDywLllo2J5ng==",
      "dependencies": {
        "commander": "^7.2.0",
        "ws": "^7.5.0"
      },
      "bin": {
        "replay-recordings": "bin/replay-recordings"
      }
    },
    "node_modules/@recordreplay/recordings-cli/node_modules/commander": {
      "version": "7.2.0",
      "resolved": "https://registry.npmjs.org/commander/-/commander-7.2.0.tgz",
      "integrity": "sha512-QrWXB+ZQSVPmIWIhtEO9H+gwHaMGYiF5ChvoJ+K9ZGHG/sVsa6yiesAD1GC/x46sET00Xlwo1u49RVVVzvcSkw==",
      "engines": {
        "node": ">= 10"
      }
    },
    "node_modules/@recordreplay/recordings-cli/node_modules/ws": {
      "version": "7.5.7",
      "resolved": "https://registry.npmjs.org/ws/-/ws-7.5.7.tgz",
      "integrity": "sha512-KMvVuFzpKBuiIXW3E4u3mySRO2/mCHSyZDJQM5NQ9Q9KHWHWh0NHgfbRMLLrceUK5qAL4ytALJbpRMjixFZh8A==",
      "engines": {
        "node": ">=8.3.0"
      },
      "peerDependencies": {
        "bufferutil": "^4.0.1",
        "utf-8-validate": "^5.0.2"
      },
      "peerDependenciesMeta": {
        "bufferutil": {
          "optional": true
        },
        "utf-8-validate": {
          "optional": true
        }
      }
    }
  },
  "dependencies": {
    "@recordreplay/recordings-cli": {
      "version": "0.11.0",
      "resolved": "https://registry.npmjs.org/@recordreplay/recordings-cli/-/recordings-cli-0.11.0.tgz",
      "integrity": "sha512-VvJzY+OuzkhgFhzA4SPtZwwflLSlRU5G9OFuI1tz08ONasiv6d8u3vKwpd2a8++MTKVLz0hC+VDywLllo2J5ng==",
      "requires": {
        "commander": "^7.2.0",
        "ws": "^7.5.0"
      },
      "dependencies": {
        "commander": {
          "version": "7.2.0",
          "resolved": "https://registry.npmjs.org/commander/-/commander-7.2.0.tgz",
          "integrity": "sha512-QrWXB+ZQSVPmIWIhtEO9H+gwHaMGYiF5ChvoJ+K9ZGHG/sVsa6yiesAD1GC/x46sET00Xlwo1u49RVVVzvcSkw=="
        },
        "ws": {
          "version": "7.5.7",
          "resolved": "https://registry.npmjs.org/ws/-/ws-7.5.7.tgz",
          "integrity": "sha512-KMvVuFzpKBuiIXW3E4u3mySRO2/mCHSyZDJQM5NQ9Q9KHWHWh0NHgfbRMLLrceUK5qAL4ytALJbpRMjixFZh8A==",
          "requires": {}
        }
      }
    }
  }
}
